
Microsoft Visual Studio Solution File, Format Version 12.00
# Visual Studio Version 17
VisualStudioVersion = 17.11.35219.272
MinimumVisualStudioVersion = 10.0.40219.1
Project("{9A19103F-16F7-4668-BE54-9A1E7A4F7556}") = "Ejercicio01", "Ejercicio01.csproj", "{67D28610-FE2C-493A-8BC6-4B197650A68E}"
EndProject
Project("{2150E333-8FDC-42A3-9474-1A3956D46DE8}") = "Tp02", "Tp02", "{C39E1137-A62B-49E9-BF0B-F33F7B2FFDDF}"
EndProject
Project("{2150E333-8FDC-42A3-9474-1A3956D46DE8}") = "Tp01", "Tp01", "{9BDE8219-BE4C-40A7-BED0-85E20CC90499}"
EndProject
Global
	GlobalSection(SolutionConfigurationPlatforms) = preSolution
		Debug|Any CPU = Debug|Any CPU
		Release|Any CPU = Release|Any CPU
	EndGlobalSection
	GlobalSection(ProjectConfigurationPlatforms) = postSolution
		{67D28610-FE2C-493A-8BC6-4B197650A68E}.Debug|Any CPU.ActiveCfg = Debug|Any CPU
		{67D28610-FE2C-493A-8BC6-4B197650A68E}.Debug|Any CPU.Build.0 = Debug|Any CPU
		{67D28610-FE2C-493A-8BC6-4B197650A68E}.Release|Any CPU.ActiveCfg = Release|Any CPU
		{67D28610-FE2C-493A-8BC6-4B197650A68E}.Release|Any CPU.Build.0 = Release|Any CPU
	EndGlobalSection
	GlobalSection(SolutionProperties) = preSolution
		HideSolutionNode = FALSE
	EndGlobalSection
	GlobalSection(NestedProjects) = preSolution
		{67D28610-FE2C-493A-8BC6-4B197650A68E} = {9BDE8219-BE4C-40A7-BED0-85E20CC90499}
	EndGlobalSection
	GlobalSection(ExtensibilityGlobals) = postSolution
		SolutionGuid = {BB0605C3-609A-42C9-B894-9B24DA3A2052}
	EndGlobalSection
EndGlobal
